Microsoft Visual Studio Solution File, Format Version 12.00
# Visual Studio Version 17
VisualStudioVersion = 17.5.2.0
MinimumVisualStudioVersion = 10.0.40219.1
Project("{FAE04EC0-301F-11D3-BF4B-00C04F79EFBC}") = "FrysIMS.API", "FrysIMS.API.csproj", "{80EA2D3D-F19E-37B6-5E8E-E748A1DA211C}"
EndProject
Global
	GlobalSection(SolutionConfigurationPlatforms) = preSolution
		Debug|Any CPU = Debug|Any CPU
		Release|Any CPU = Release|Any CPU
	EndGlobalSection
	GlobalSection(ProjectConfigurationPlatforms) = postSolution
		{80EA2D3D-F19E-37B6-5E8E-E748A1DA211C}.Debug|Any CPU.ActiveCfg = Debug|Any CPU
		{80EA2D3D-F19E-37B6-5E8E-E748A1DA211C}.Debug|Any CPU.Build.0 = Debug|Any CPU
		{80EA2D3D-F19E-37B6-5E8E-E748A1DA211C}.Release|Any CPU.ActiveCfg = Release|Any CPU
		{80EA2D3D-F19E-37B6-5E8E-E748A1DA211C}.Release|Any CPU.Build.0 = Release|Any CPU
	EndGlobalSection
	GlobalSection(SolutionProperties) = preSolution
		HideSolutionNode = FALSE
	EndGlobalSection
	GlobalSection(ExtensibilityGlobals) = postSolution
		SolutionGuid = {E3C0BFF0-4FD4-4A74-8E0B-0F5B1CB6EC95}
	EndGlobalSection
EndGlobal
